
Microsoft Visual Studio Solution File, Format Version 12.00
# Visual Studio Version 17
VisualStudioVersion = 17.13.35825.156 d17.13
MinimumVisualStudioVersion = 10.0.40219.1
Project("{8BC9CEB8-8B4A-11D0-8D11-00A0C91BC942}") = "P1035", "P1035.vcxproj", "{F02BFC45-23D9-45E4-922D-E245866CD637}"
EndProject
Global
	GlobalSection(SolutionConfigurationPlatforms) = preSolution
		Debug|x64 = Debug|x64
		Debug|x86 = Debug|x86
		Release|x64 = Release|x64
		Release|x86 = Release|x86
	EndGlobalSection
	GlobalSection(ProjectConfigurationPlatforms) = postSolution
		{F02BFC45-23D9-45E4-922D-E245866CD637}.Debug|x64.ActiveCfg = Debug|x64
		{F02BFC45-23D9-45E4-922D-E245866CD637}.Debug|x64.Build.0 = Debug|x64
		{F02BFC45-23D9-45E4-922D-E245866CD637}.Debug|x86.ActiveCfg = Debug|Win32
		{F02BFC45-23D9-45E4-922D-E245866CD637}.Debug|x86.Build.0 = Debug|Win32
		{F02BFC45-23D9-45E4-922D-E245866CD637}.Release|x64.ActiveCfg = Release|x64
		{F02BFC45-23D9-45E4-922D-E245866CD637}.Release|x64.Build.0 = Release|x64
		{F02BFC45-23D9-45E4-922D-E245866CD637}.Release|x86.ActiveCfg = Release|Win32
		{F02BFC45-23D9-45E4-922D-E245866CD637}.Release|x86.Build.0 = Release|Win32
	EndGlobalSection
	GlobalSection(SolutionProperties) = preSolution
		HideSolutionNode = FALSE
	EndGlobalSection
	GlobalSection(ExtensibilityGlobals) = postSolution
		SolutionGuid = {4E3EF349-8FA8-4716-8BDC-3F80FC34FFFD}
	EndGlobalSection
EndGlobal
